
Microsoft Visual Studio Solution File, Format Version 12.00
# Visual Studio Version 17
VisualStudioVersion = 17.5.33424.131
MinimumVisualStudioVersion = 10.0.40219.1
Project("{8BC9CEB8-8B4A-11D0-8D11-00A0C91BC942}") = "Doubellinkedlist_158", "Doubellinkedlist_158\Doubellinkedlist_158.vcxproj", "{5BE8D80D-CF4A-43C4-81E8-896B01613BB1}"
EndProject
Global
	GlobalSection(SolutionConfigurationPlatforms) = preSolution
		Debug|x64 = Debug|x64
		Debug|x86 = Debug|x86
		Release|x64 = Release|x64
		Release|x86 = Release|x86
	EndGlobalSection
	GlobalSection(ProjectConfigurationPlatforms) = postSolution
		{5BE8D80D-CF4A-43C4-81E8-896B01613BB1}.Debug|x64.ActiveCfg = Debug|x64
		{5BE8D80D-CF4A-43C4-81E8-896B01613BB1}.Debug|x64.Build.0 = Debug|x64
		{5BE8D80D-CF4A-43C4-81E8-896B01613BB1}.Debug|x86.ActiveCfg = Debug|Win32
		{5BE8D80D-CF4A-43C4-81E8-896B01613BB1}.Debug|x86.Build.0 = Debug|Win32
		{5BE8D80D-CF4A-43C4-81E8-896B01613BB1}.Release|x64.ActiveCfg = Release|x64
		{5BE8D80D-CF4A-43C4-81E8-896B01613BB1}.Release|x64.Build.0 = Release|x64
		{5BE8D80D-CF4A-43C4-81E8-896B01613BB1}.Release|x86.ActiveCfg = Release|Win32
		{5BE8D80D-CF4A-43C4-81E8-896B01613BB1}.Release|x86.Build.0 = Release|Win32
	EndGlobalSection
	GlobalSection(SolutionProperties) = preSolution
		HideSolutionNode = FALSE
	EndGlobalSection
	GlobalSection(ExtensibilityGlobals) = postSolution
		SolutionGuid = {F146AE8A-1480-4C5F-B64D-95ED166D8E6E}
	EndGlobalSection
EndGlobal
